
Microsoft Visual Studio Solution File, Format Version 12.00
# Visual Studio Version 17
VisualStudioVersion = 17.11.35208.52
MinimumVisualStudioVersion = 10.0.40219.1
Project("{FAE04EC0-301F-11D3-BF4B-00C04F79EFBC}") = "primer proyecto", "primer proyecto\primer proyecto.csproj", "{751AB8C8-8AA4-4AFD-B83B-8F53E6C34FA1}"
EndProject
Global
	GlobalSection(SolutionConfigurationPlatforms) = preSolution
		Debug|Any CPU = Debug|Any CPU
		Release|Any CPU = Release|Any CPU
	EndGlobalSection
	GlobalSection(ProjectConfigurationPlatforms) = postSolution
		{751AB8C8-8AA4-4AFD-B83B-8F53E6C34FA1}.Debug|Any CPU.ActiveCfg = Debug|Any CPU
		{751AB8C8-8AA4-4AFD-B83B-8F53E6C34FA1}.Debug|Any CPU.Build.0 = Debug|Any CPU
		{751AB8C8-8AA4-4AFD-B83B-8F53E6C34FA1}.Release|Any CPU.ActiveCfg = Release|Any CPU
		{751AB8C8-8AA4-4AFD-B83B-8F53E6C34FA1}.Release|Any CPU.Build.0 = Release|Any CPU
	EndGlobalSection
	GlobalSection(SolutionProperties) = preSolution
		HideSolutionNode = FALSE
	EndGlobalSection
	GlobalSection(ExtensibilityGlobals) = postSolution
		SolutionGuid = {5C72E615-4B31-4C58-94D6-C1142D882368}
	EndGlobalSection
EndGlobal
